
Microsoft Visual Studio Solution File, Format Version 12.00
# Visual Studio Version 17
VisualStudioVersion = 17.8.34322.80
MinimumVisualStudioVersion = 10.0.40219.1
Project("{FAE04EC0-301F-11D3-BF4B-00C04F79EFBC}") = "RedPawChat.Server", "RedPawChat.Server\RedPawChat.Server.csproj", "{4E2380CD-5241-40F0-BCFB-453B90114C9E}"
EndProject
Project("{54A90642-561A-4BB1-A94E-469ADEE60C69}") = "redpawchat.client", "redpawchat.client\redpawchat.client.esproj", "{D17FA73D-47F3-4E04-9AF7-C68F6FECFA44}"
EndProject
Global
	GlobalSection(SolutionConfigurationPlatforms) = preSolution
		Debug|Any CPU = Debug|Any CPU
		Release|Any CPU = Release|Any CPU
	EndGlobalSection
	GlobalSection(ProjectConfigurationPlatforms) = postSolution
		{4E2380CD-5241-40F0-BCFB-453B90114C9E}.Debug|Any CPU.ActiveCfg = Debug|Any CPU
		{4E2380CD-5241-40F0-BCFB-453B90114C9E}.Debug|Any CPU.Build.0 = Debug|Any CPU
		{4E2380CD-5241-40F0-BCFB-453B90114C9E}.Release|Any CPU.ActiveCfg = Release|Any CPU
		{4E2380CD-5241-40F0-BCFB-453B90114C9E}.Release|Any CPU.Build.0 = Release|Any CPU
		{D17FA73D-47F3-4E04-9AF7-C68F6FECFA44}.Debug|Any CPU.ActiveCfg = Debug|Any CPU
		{D17FA73D-47F3-4E04-9AF7-C68F6FECFA44}.Debug|Any CPU.Build.0 = Debug|Any CPU
		{D17FA73D-47F3-4E04-9AF7-C68F6FECFA44}.Debug|Any CPU.Deploy.0 = Debug|Any CPU
		{D17FA73D-47F3-4E04-9AF7-C68F6FECFA44}.Release|Any CPU.ActiveCfg = Release|Any CPU
		{D17FA73D-47F3-4E04-9AF7-C68F6FECFA44}.Release|Any CPU.Build.0 = Release|Any CPU
		{D17FA73D-47F3-4E04-9AF7-C68F6FECFA44}.Release|Any CPU.Deploy.0 = Release|Any CPU
	EndGlobalSection
	GlobalSection(SolutionProperties) = preSolution
		HideSolutionNode = FALSE
	EndGlobalSection
	GlobalSection(ExtensibilityGlobals) = postSolution
		SolutionGuid = {036DD3BF-9718-4397-8F82-E45F27D1E471}
	EndGlobalSection
EndGlobal
